
Microsoft Visual Studio Solution File, Format Version 12.00
# Visual Studio Version 16
VisualStudioVersion = 16.0.30804.86
MinimumVisualStudioVersion = 10.0.40219.1
Project("{6EC3EE1D-3C4E-46DD-8F32-0CC8E7565705}") = "21", "21.fsproj", "{5BEE6F64-609B-4213-8EE4-51ED499E48E1}"
EndProject
Global
	GlobalSection(SolutionConfigurationPlatforms) = preSolution
		Debug|Any CPU = Debug|Any CPU
		Release|Any CPU = Release|Any CPU
	EndGlobalSection
	GlobalSection(ProjectConfigurationPlatforms) = postSolution
		{5BEE6F64-609B-4213-8EE4-51ED499E48E1}.Debug|Any CPU.ActiveCfg = Debug|Any CPU
		{5BEE6F64-609B-4213-8EE4-51ED499E48E1}.Debug|Any CPU.Build.0 = Debug|Any CPU
		{5BEE6F64-609B-4213-8EE4-51ED499E48E1}.Release|Any CPU.ActiveCfg = Release|Any CPU
		{5BEE6F64-609B-4213-8EE4-51ED499E48E1}.Release|Any CPU.Build.0 = Release|Any CPU
	EndGlobalSection
	GlobalSection(SolutionProperties) = preSolution
		HideSolutionNode = FALSE
	EndGlobalSection
	GlobalSection(ExtensibilityGlobals) = postSolution
		SolutionGuid = {D77D4087-61FB-472D-9DBE-A8D01FCE7271}
	EndGlobalSection
EndGlobal
