
Microsoft Visual Studio Solution File, Format Version 12.00
# Visual Studio Version 16
VisualStudioVersion = 16.0.30717.126
MinimumVisualStudioVersion = 10.0.40219.1
Project("{6EC3EE1D-3C4E-46DD-8F32-0CC8E7565705}") = "11", "11.fsproj", "{E05C5167-FF00-4412-AA3D-927292664591}"
EndProject
Global
	GlobalSection(SolutionConfigurationPlatforms) = preSolution
		Debug|Any CPU = Debug|Any CPU
		Release|Any CPU = Release|Any CPU
	EndGlobalSection
	GlobalSection(ProjectConfigurationPlatforms) = postSolution
		{E05C5167-FF00-4412-AA3D-927292664591}.Debug|Any CPU.ActiveCfg = Debug|Any CPU
		{E05C5167-FF00-4412-AA3D-927292664591}.Debug|Any CPU.Build.0 = Debug|Any CPU
		{E05C5167-FF00-4412-AA3D-927292664591}.Release|Any CPU.ActiveCfg = Release|Any CPU
		{E05C5167-FF00-4412-AA3D-927292664591}.Release|Any CPU.Build.0 = Release|Any CPU
	EndGlobalSection
	GlobalSection(SolutionProperties) = preSolution
		HideSolutionNode = FALSE
	EndGlobalSection
	GlobalSection(ExtensibilityGlobals) = postSolution
		SolutionGuid = {57AA67B9-DE28-4C47-905A-FB6C1F4CE9AE}
	EndGlobalSection
EndGlobal
