
Microsoft Visual Studio Solution File, Format Version 12.00
# Visual Studio Version 16
VisualStudioVersion = 16.0.30717.126
MinimumVisualStudioVersion = 10.0.40219.1
Project("{F2A71F9B-5D33-465A-A702-920D77279786}") = "09", "09\09.fsproj", "{65FDEF95-20F6-4D27-B591-60F1444AD669}"
EndProject
Global
	GlobalSection(SolutionConfigurationPlatforms) = preSolution
		Debug|Any CPU = Debug|Any CPU
		Release|Any CPU = Release|Any CPU
	EndGlobalSection
	GlobalSection(ProjectConfigurationPlatforms) = postSolution
		{65FDEF95-20F6-4D27-B591-60F1444AD669}.Debug|Any CPU.ActiveCfg = Debug|Any CPU
		{65FDEF95-20F6-4D27-B591-60F1444AD669}.Debug|Any CPU.Build.0 = Debug|Any CPU
		{65FDEF95-20F6-4D27-B591-60F1444AD669}.Release|Any CPU.ActiveCfg = Release|Any CPU
		{65FDEF95-20F6-4D27-B591-60F1444AD669}.Release|Any CPU.Build.0 = Release|Any CPU
	EndGlobalSection
	GlobalSection(SolutionProperties) = preSolution
		HideSolutionNode = FALSE
	EndGlobalSection
	GlobalSection(ExtensibilityGlobals) = postSolution
		SolutionGuid = {D727CDFB-D061-4D69-8ADB-7A8496612A9C}
	EndGlobalSection
EndGlobal
